
Microsoft Visual Studio Solution File, Format Version 12.00
# Visual Studio Version 17
VisualStudioVersion = 17.1.32328.378
MinimumVisualStudioVersion = 10.0.40219.1
Project("{FAE04EC0-301F-11D3-BF4B-00C04F79EFBC}") = "Api", "Api\Api.csproj", "{870B6C9B-8AC0-4B69-AE7B-56070A03772A}"
EndProject
Global
	GlobalSection(SolutionConfigurationPlatforms) = preSolution
		Debug|Any CPU = Debug|Any CPU
		Release|Any CPU = Release|Any CPU
	EndGlobalSection
	GlobalSection(ProjectConfigurationPlatforms) = postSolution
		{870B6C9B-8AC0-4B69-AE7B-56070A03772A}.Debug|Any CPU.ActiveCfg = Debug|Any CPU
		{870B6C9B-8AC0-4B69-AE7B-56070A03772A}.Debug|Any CPU.Build.0 = Debug|Any CPU
		{870B6C9B-8AC0-4B69-AE7B-56070A03772A}.Release|Any CPU.ActiveCfg = Release|Any CPU
		{870B6C9B-8AC0-4B69-AE7B-56070A03772A}.Release|Any CPU.Build.0 = Release|Any CPU
	EndGlobalSection
	GlobalSection(SolutionProperties) = preSolution
		HideSolutionNode = FALSE
	EndGlobalSection
	GlobalSection(ExtensibilityGlobals) = postSolution
		SolutionGuid = {5B8C0DD1-A849-41CE-B8F5-0A49E901AA96}
	EndGlobalSection
EndGlobal
